
Microsoft Visual Studio Solution File, Format Version 12.00
# Visual Studio Version 16
VisualStudioVersion = 16.0.30523.141
MinimumVisualStudioVersion = 10.0.40219.1
Project("{FAE04EC0-301F-11D3-BF4B-00C04F79EFBC}") = "Actividad5_UT3", "Actividad5_UT3\Actividad5_UT3.csproj", "{5C97C24B-3CA6-4819-97AC-A36BF87D21E4}"
EndProject
Global
	GlobalSection(SolutionConfigurationPlatforms) = preSolution
		Debug|Any CPU = Debug|Any CPU
		Release|Any CPU = Release|Any CPU
	EndGlobalSection
	GlobalSection(ProjectConfigurationPlatforms) = postSolution
		{5C97C24B-3CA6-4819-97AC-A36BF87D21E4}.Debug|Any CPU.ActiveCfg = Debug|Any CPU
		{5C97C24B-3CA6-4819-97AC-A36BF87D21E4}.Debug|Any CPU.Build.0 = Debug|Any CPU
		{5C97C24B-3CA6-4819-97AC-A36BF87D21E4}.Release|Any CPU.ActiveCfg = Release|Any CPU
		{5C97C24B-3CA6-4819-97AC-A36BF87D21E4}.Release|Any CPU.Build.0 = Release|Any CPU
	EndGlobalSection
	GlobalSection(SolutionProperties) = preSolution
		HideSolutionNode = FALSE
	EndGlobalSection
	GlobalSection(ExtensibilityGlobals) = postSolution
		SolutionGuid = {2D5E30B2-4CC3-43B5-BDEF-F0F86688B161}
	EndGlobalSection
EndGlobal
